# THIS IS AN AUTOGENERATED FILE. DO NOT EDIT THIS FILE DIRECTLY.
# yarn lockfile v1


"@swc/core-darwin-arm64@1.7.26":
  version "1.7.26"
  resolved "https://registry.yarnpkg.com/@swc/core-darwin-arm64/-/core-darwin-arm64-1.7.26.tgz#5f4096c00e71771ca1b18c824f0c92a052c70760"
  integrity sha512-FF3CRYTg6a7ZVW4yT9mesxoVVZTrcSWtmZhxKCYJX9brH4CS/7PRPjAKNk6kzWgWuRoglP7hkjQcd6EpMcZEAw==

"@swc/core-darwin-x64@1.7.26":
  version "1.7.26"
  resolved "https://registry.yarnpkg.com/@swc/core-darwin-x64/-/core-darwin-x64-1.7.26.tgz#867b7a4f094e6b64201090ca5fcbf3da7d0f3e22"
  integrity sha512-az3cibZdsay2HNKmc4bjf62QVukuiMRh5sfM5kHR/JMTrLyS6vSw7Ihs3UTkZjUxkLTT8ro54LI6sV6sUQUbLQ==

"@swc/core-linux-arm-gnueabihf@1.7.26":
  version "1.7.26"
  resolved "https://registry.yarnpkg.com/@swc/core-linux-arm-gnueabihf/-/core-linux-arm-gnueabihf-1.7.26.tgz#35bb43894def296d92aaa2cc9372d48042f37777"
  integrity sha512-VYPFVJDO5zT5U3RpCdHE5v1gz4mmR8BfHecUZTmD2v1JeFY6fv9KArJUpjrHEEsjK/ucXkQFmJ0jaiWXmpOV9Q==

"@swc/core-linux-arm64-gnu@1.7.26":
  version "1.7.26"
  resolved "https://registry.yarnpkg.com/@swc/core-linux-arm64-gnu/-/core-linux-arm64-gnu-1.7.26.tgz#8e2321cc4ec84cbfed8f8e16ff1ed7b854450443"
  integrity sha512-YKevOV7abpjcAzXrhsl+W48Z9mZvgoVs2eP5nY+uoMAdP2b3GxC0Df1Co0I90o2lkzO4jYBpTMcZlmUXLdXn+Q==

"@swc/core-linux-arm64-musl@1.7.26":
  version "1.7.26"
  resolved "https://registry.yarnpkg.com/@swc/core-linux-arm64-musl/-/core-linux-arm64-musl-1.7.26.tgz#b1c16e4b23ffa9ff19973eda6ffee35d2a7de7b0"
  integrity sha512-3w8iZICMkQQON0uIcvz7+Q1MPOW6hJ4O5ETjA0LSP/tuKqx30hIniCGOgPDnv3UTMruLUnQbtBwVCZTBKR3Rkg==

"@swc/core-linux-x64-gnu@1.7.26":
  version "1.7.26"
  resolved "https://registry.yarnpkg.com/@swc/core-linux-x64-gnu/-/core-linux-x64-gnu-1.7.26.tgz#388e2cc13a010cd28787aead2cecf31eb491836d"
  integrity sha512-c+pp9Zkk2lqb06bNGkR2Looxrs7FtGDMA4/aHjZcCqATgp348hOKH5WPvNLBl+yPrISuWjbKDVn3NgAvfvpH4w==

"@swc/core-linux-x64-musl@1.7.26":
  version "1.7.26"
  resolved "https://registry.yarnpkg.com/@swc/core-linux-x64-musl/-/core-linux-x64-musl-1.7.26.tgz#51e0ff30981f26d7a5b97a7a7b5b291bad050d1a"
  integrity sha512-PgtyfHBF6xG87dUSSdTJHwZ3/8vWZfNIXQV2GlwEpslrOkGqy+WaiiyE7Of7z9AvDILfBBBcJvJ/r8u980wAfQ==

"@swc/core-win32-arm64-msvc@1.7.26":
  version "1.7.26"
  resolved "https://registry.yarnpkg.com/@swc/core-win32-arm64-msvc/-/core-win32-arm64-msvc-1.7.26.tgz#a7fdcc4074c34ee6a026506b594d00323383c11f"
  integrity sha512-9TNXPIJqFynlAOrRD6tUQjMq7KApSklK3R/tXgIxc7Qx+lWu8hlDQ/kVPLpU7PWvMMwC/3hKBW+p5f+Tms1hmA==

"@swc/core-win32-ia32-msvc@1.7.26":
  version "1.7.26"
  resolved "https://registry.yarnpkg.com/@swc/core-win32-ia32-msvc/-/core-win32-ia32-msvc-1.7.26.tgz#ae7be6dde798eebee2000b8fd84e01a439b5bd6a"
  integrity sha512-9YngxNcG3177GYdsTum4V98Re+TlCeJEP4kEwEg9EagT5s3YejYdKwVAkAsJszzkXuyRDdnHUpYbTrPG6FiXrQ==

"@swc/core-win32-x64-msvc@1.7.26":
  version "1.7.26"
  resolved "https://registry.yarnpkg.com/@swc/core-win32-x64-msvc/-/core-win32-x64-msvc-1.7.26.tgz#310d607004d7319085a4dec20c0c38c3405cc05b"
  integrity sha512-VR+hzg9XqucgLjXxA13MtV5O3C0bK0ywtLIBw/+a+O+Oc6mxFWHtdUeXDbIi5AiPbn0fjgVJMqYnyjGyyX8u0w==

"@swc/core@^1.3.56":
  version "1.7.26"
  resolved "https://registry.yarnpkg.com/@swc/core/-/core-1.7.26.tgz#beda9b82063fcec7b56c958804a4d175aecf9a9d"
  integrity sha512-f5uYFf+TmMQyYIoxkn/evWhNGuUzC730dFwAKGwBVHHVoPyak1/GvJUm6i1SKl+2Hrj9oN0i3WSoWWZ4pgI8lw==
  dependencies:
    "@swc/counter" "^0.1.3"
    "@swc/types" "^0.1.12"
  optionalDependencies:
    "@swc/core-darwin-arm64" "1.7.26"
    "@swc/core-darwin-x64" "1.7.26"
    "@swc/core-linux-arm-gnueabihf" "1.7.26"
    "@swc/core-linux-arm64-gnu" "1.7.26"
    "@swc/core-linux-arm64-musl" "1.7.26"
    "@swc/core-linux-x64-gnu" "1.7.26"
    "@swc/core-linux-x64-musl" "1.7.26"
    "@swc/core-win32-arm64-msvc" "1.7.26"
    "@swc/core-win32-ia32-msvc" "1.7.26"
    "@swc/core-win32-x64-msvc" "1.7.26"

"@swc/counter@^0.1.3":
  version "0.1.3"
  resolved "https://registry.yarnpkg.com/@swc/counter/-/counter-0.1.3.tgz#cc7463bd02949611c6329596fccd2b0ec782b0e9"
  integrity sha512-e2BR4lsJkkRlKZ/qCHPw9ZaSxc0MVUd7gtbtaB7aMvHeJVYe8sOB8DBZkP2DtISHGSku9sCK6T6cnY0CtXrOCQ==

"@swc/types@^0.1.12":
  version "0.1.12"
  resolved "https://registry.yarnpkg.com/@swc/types/-/types-0.1.12.tgz#7f632c06ab4092ce0ebd046ed77ff7557442282f"
  integrity sha512-wBJA+SdtkbFhHjTMYH+dEH1y4VpfGdAc2Kw/LK09i9bXd/K6j6PkDcFCEzb6iVfZMkPRrl/q0e3toqTAJdkIVA==
  dependencies:
    "@swc/counter" "^0.1.3"

"@types/node@^18.16.3":
  version "18.19.50"
  resolved "https://registry.yarnpkg.com/@types/node/-/node-18.19.50.tgz#8652b34ee7c0e7e2004b3f08192281808d41bf5a"
  integrity sha512-xonK+NRrMBRtkL1hVCc3G+uXtjh1Al4opBLjqVmipe5ZAaBYWW6cNAiBVZ1BvmkBhep698rP3UM3aRAdSALuhg==
  dependencies:
    undici-types "~5.26.4"

"@types/prop-types@*":
  version "15.7.12"
  resolved "https://registry.yarnpkg.com/@types/prop-types/-/prop-types-15.7.12.tgz#12bb1e2be27293c1406acb6af1c3f3a1481d98c6"
  integrity sha512-5zvhXYtRNRluoE/jAp4GVsSduVUzNWKkOZrCDBWYtE7biZywwdC2AcEzg+cSMLFRfVgeAFqpfNabiPjxFddV1Q==

"@types/react@^18.2.4":
  version "18.3.5"
  resolved "https://registry.yarnpkg.com/@types/react/-/react-18.3.5.tgz#5f524c2ad2089c0ff372bbdabc77ca2c4dbadf8f"
  integrity sha512-WeqMfGJLGuLCqHGYRGHxnKrXcTitc6L/nBUWfWPcTarG3t9PsquqUMuVeXZeca+mglY4Vo5GZjCi0A3Or2lnxA==
  dependencies:
    "@types/prop-types" "*"
    csstype "^3.0.2"

csstype@^3.0.2:
  version "3.1.3"
  resolved "https://registry.yarnpkg.com/csstype/-/csstype-3.1.3.tgz#d80ff294d114fb0e6ac500fbf85b60137d7eff81"
  integrity sha512-M1uQkMl8rQK/szD0LNhtqxIPLpimGm8sOBwU7lLnCpSbTyY3yeU1Vc7l4KT5zT4s/yOxHH5O7tIuuLOCnLADRw==

"js-tokens@^3.0.0 || ^4.0.0":
  version "4.0.0"
  resolved "https://registry.yarnpkg.com/js-tokens/-/js-tokens-4.0.0.tgz#19203fb59991df98e3a287050d4647cdeaf32499"
  integrity sha512-RdJUflcE3cUzKiMqQgsCu06FPu9UdIJO0beYbPhHN4k6apgJtifcoCtT9bcxOpYBtpD2kCM6Sbzg4CausW/PKQ==

loose-envify@^1.1.0:
  version "1.4.0"
  resolved "https://registry.yarnpkg.com/loose-envify/-/loose-envify-1.4.0.tgz#71ee51fa7be4caec1a63839f7e682d8132d30caf"
  integrity sha512-lyuxPGr/Wfhrlem2CL/UcnUc1zcqKAImBDzukY7Y5F/yQiNdko6+fRLevlw1HgMySw7f611UIY408EtxRSoK3Q==
  dependencies:
    js-tokens "^3.0.0 || ^4.0.0"

react@^18.2.0:
  version "18.3.1"
  resolved "https://registry.yarnpkg.com/react/-/react-18.3.1.tgz#49ab892009c53933625bd16b2533fc754cab2891"
  integrity sha512-wS+hAgJShR0KhEvPJArfuPVN1+Hz1t0Y6n5jLrGQbkb4urgPE/0Rve+1kMB1v/oWgHgm4WIcV+i7F2pTVj+2iQ==
  dependencies:
    loose-envify "^1.1.0"

remixicon@4.3.0:
  version "4.3.0"
  resolved "https://registry.yarnpkg.com/remixicon/-/remixicon-4.3.0.tgz#61c3fd6ca11149bd05850152f9c08e5f5de7b0c9"
  integrity sha512-jRYQ37dTFSkJtvcxwTUAkIiXkYRvA9EDvVuXPNrmt2xf/VS//CRgFtsX2TAFBoQOhh9SDh7l6La4Xu12snEyxg==

semver@^7.3.5:
  version "7.6.3"
  resolved "https://registry.yarnpkg.com/semver/-/semver-7.6.3.tgz#980f7b5550bc175fb4dc09403085627f9eb33143"
  integrity sha512-oVekP1cKtI+CTDvHWYFUcMtsK/00wmAEfyqKfNdARm8u1wNVhSgaX7A8d4UuIlUI5e84iEwOhs7ZPYRmzU9U6A==

undici-types@~5.26.4:
  version "5.26.5"
  resolved "https://registry.yarnpkg.com/undici-types/-/undici-types-5.26.5.tgz#bcd539893d00b56e964fd2657a4866b221a65617"
  integrity sha512-JlCMO+ehdEIKqlFxk6IfVoAUVmgz7cU7zD/h9XZ0qzeosSHmUJVOzSQvvYSYWXkFXC+IfLKSIffhv0sVZup6pA==
